github.com/expr-lang/expr v1.17.6 h1:1h6i8ONk9cexhDmowO/A64VPxHScu7qfSl2k8OlINec=
github.com/expr-lang/expr v1.17.6/go.mod h1:8/vRC7+7HBzESEqt5kKpYXxrxkr31SaO8r40VO/1IT4=
github.com/rosscartlidge/autocli/v4 v4.1.0 h1:bMMRtTEOYneULvMv3YDJmnenxbmCshB9swTpXREpNNs=
github.com/rosscartlidge/autocli/v4 v4.1.0/go.mod h1:HxyY8xr+3Pv7GHcxo7nWeqptLZvF2/8Vd7oPh1QJZuY=
